
Microsoft Visual Studio Solution File, Format Version 12.00
# Visual Studio Version 16
VisualStudioVersion = 16.0.30621.155
MinimumVisualStudioVersion = 10.0.40219.1
Project("{FAE04EC0-301F-11D3-BF4B-00C04F79EFBC}") = "ExcelManipulator", "ExcelManipulator.csproj", "{6128067D-A992-4AE7-BCD6-4FCCAC994127}"
EndProject
Global
	GlobalSection(SolutionConfigurationPlatforms) = preSolution
		Debug|Any CPU = Debug|Any CPU
		Release|Any CPU = Release|Any CPU
	EndGlobalSection
	GlobalSection(ProjectConfigurationPlatforms) = postSolution
		{6128067D-A992-4AE7-BCD6-4FCCAC994127}.Debug|Any CPU.ActiveCfg = Debug|Any CPU
		{6128067D-A992-4AE7-BCD6-4FCCAC994127}.Debug|Any CPU.Build.0 = Debug|Any CPU
		{6128067D-A992-4AE7-BCD6-4FCCAC994127}.Release|Any CPU.ActiveCfg = Release|Any CPU
		{6128067D-A992-4AE7-BCD6-4FCCAC994127}.Release|Any CPU.Build.0 = Release|Any CPU
	EndGlobalSection
	GlobalSection(SolutionProperties) = preSolution
		HideSolutionNode = FALSE
	EndGlobalSection
	GlobalSection(ExtensibilityGlobals) = postSolution
		SolutionGuid = {8F600BF2-4C61-417E-978D-7C149B810D3E}
	EndGlobalSection
EndGlobal
